
Microsoft Visual Studio Solution File, Format Version 12.00
# Visual Studio Version 17
VisualStudioVersion = 17.11.35327.3
MinimumVisualStudioVersion = 10.0.40219.1
Project("{FAE04EC0-301F-11D3-BF4B-00C04F79EFBC}") = "Lab1_OrderForm", "Lab1_OrderForm\Lab1_OrderForm.csproj", "{8ADB81C4-D2D7-4781-B586-67F72B1CFA1F}"
EndProject
Global
	GlobalSection(SolutionConfigurationPlatforms) = preSolution
		Debug|Any CPU = Debug|Any CPU
		Release|Any CPU = Release|Any CPU
	EndGlobalSection
	GlobalSection(ProjectConfigurationPlatforms) = postSolution
		{8ADB81C4-D2D7-4781-B586-67F72B1CFA1F}.Debug|Any CPU.ActiveCfg = Debug|Any CPU
		{8ADB81C4-D2D7-4781-B586-67F72B1CFA1F}.Debug|Any CPU.Build.0 = Debug|Any CPU
		{8ADB81C4-D2D7-4781-B586-67F72B1CFA1F}.Release|Any CPU.ActiveCfg = Release|Any CPU
		{8ADB81C4-D2D7-4781-B586-67F72B1CFA1F}.Release|Any CPU.Build.0 = Release|Any CPU
	EndGlobalSection
	GlobalSection(SolutionProperties) = preSolution
		HideSolutionNode = FALSE
	EndGlobalSection
	GlobalSection(ExtensibilityGlobals) = postSolution
		SolutionGuid = {192CE47E-3024-43BE-8ECE-92BFCD8214A5}
	EndGlobalSection
EndGlobal
